
Microsoft Visual Studio Solution File, Format Version 12.00
# Visual Studio Version 16
VisualStudioVersion = 16.0.30011.22
MinimumVisualStudioVersion = 10.0.40219.1
Project("{8BC9CEB8-8B4A-11D0-8D11-00A0C91BC942}") = "particles", "particles.vcxproj", "{5807F583-1FEF-4005-B62B-3F52B07BF101}"
EndProject
Global
	GlobalSection(SolutionConfigurationPlatforms) = preSolution
		Debug|x86 = Debug|x86
		Release|x86 = Release|x86
	EndGlobalSection
	GlobalSection(ProjectConfigurationPlatforms) = postSolution
		{5807F583-1FEF-4005-B62B-3F52B07BF101}.Debug|x86.ActiveCfg = Debug|Win32
		{5807F583-1FEF-4005-B62B-3F52B07BF101}.Debug|x86.Build.0 = Debug|Win32
		{5807F583-1FEF-4005-B62B-3F52B07BF101}.Release|x86.ActiveCfg = Release|Win32
		{5807F583-1FEF-4005-B62B-3F52B07BF101}.Release|x86.Build.0 = Release|Win32
	EndGlobalSection
	GlobalSection(SolutionProperties) = preSolution
		HideSolutionNode = FALSE
	EndGlobalSection
	GlobalSection(ExtensibilityGlobals) = postSolution
		SolutionGuid = {777E3A8D-F480-4441-B73B-C30BDEED2F3D}
	EndGlobalSection
EndGlobal
